// !$*UTF8*$!
{
	archiveVersion = 1;
	classes = {
	};
	objectVersion = 56;
	objects = {

/* Begin PBXBuildFile section */
		3CAD02712A581B32003B8F6E /* Protocols.swift in Sources */ = {isa = PBXBuildFile; fileRef = 3CAD02702A581B32003B8F6E /* Protocols.swift */; };
		3CAD02742A582481003B8F6E /* MenuOptionCell.swift in Sources */ = {isa = PBXBuildFile; fileRef = 3CAD02732A582481003B8F6E /* MenuOptionCell.swift */; };
		3CAD02762A582DA0003B8F6E /* MenuOptions.swift in Sources */ = {isa = PBXBuildFile; fileRef = 3CAD02752A582DA0003B8F6E /* MenuOptions.swift */; };
		3CAD02782A586598003B8F6E /* LoginViewController.swift in Sources */ = {isa = PBXBuildFile; fileRef = 3CAD02772A586598003B8F6E /* LoginViewController.swift */; };
		3CF16D1C2A57DE3C009B3355 /* AppDelegate.swift in Sources */ = {isa = PBXBuildFile; fileRef = 3CF16D1B2A57DE3C009B3355 /* AppDelegate.swift */; };
		3CF16D1E2A57DE3C009B3355 /* SceneDelegate.swift in Sources */ = {isa = PBXBuildFile; fileRef = 3CF16D1D2A57DE3C009B3355 /* SceneDelegate.swift */; };
		3CF16D232A57DE3C009B3355 /* Main.storyboard in Resources */ = {isa = PBXBuildFile; fileRef = 3CF16D212A57DE3C009B3355 /* Main.storyboard */; };
		3CF16D252A57DE42009B3355 /* Assets.xcassets in Resources */ = {isa = PBXBuildFile; fileRef = 3CF16D242A57DE42009B3355 /* Assets.xcassets */; };
		3CF16D282A57DE42009B3355 /* LaunchScreen.storyboard in Resources */ = {isa = PBXBuildFile; fileRef = 3CF16D262A57DE42009B3355 /* LaunchScreen.storyboard */; };
		3CF16D342A57F0C5009B3355 /* ContainerController.swift in Sources */ = {isa = PBXBuildFile; fileRef = 3CF16D332A57F0C5009B3355 /* ContainerController.swift */; };
		3CF16D362A57F0E0009B3355 /* HomeController.swift in Sources */ = {isa = PBXBuildFile; fileRef = 3CF16D352A57F0E0009B3355 /* HomeController.swift */; };
		3CF16D382A57F0F9009B3355 /* MenuController.swift in Sources */ = {isa = PBXBuildFile; fileRef = 3CF16D372A57F0F9009B3355 /* MenuController.swift */; };
/* End PBXBuildFile section */

/* Begin PBXFileReference section */
		3CAD02702A581B32003B8F6E /* Protocols.swift */ = {isa = PBXFileReference; lastKnownFileType = sourcecode.swift; path = Protocols.swift; sourceTree = "<group>"; };
		3CAD02732A582481003B8F6E /* MenuOptionCell.swift */ = {isa = PBXFileReference; lastKnownFileType = sourcecode.swift; path = MenuOptionCell.swift; sourceTree = "<group>"; };
		3CAD02752A582DA0003B8F6E /* MenuOptions.swift */ = {isa = PBXFileReference; lastKnownFileType = sourcecode.swift; path = MenuOptions.swift; sourceTree = "<group>"; };
		3CAD02772A586598003B8F6E /* LoginViewController.swift */ = {isa = PBXFileReference; lastKnownFileType = sourcecode.swift; path = LoginViewController.swift; sourceTree = "<group>"; };
		3CF16D182A57DE3C009B3355 /* SideMenu.app */ = {isa = PBXFileReference; explicitFileType = wrapper.application; includeInIndex = 0; path = SideMenu.app; sourceTree = BUILT_PRODUCTS_DIR; };
		3CF16D1B2A57DE3C009B3355 /* AppDelegate.swift */ = {isa = PBXFileReference; lastKnownFileType = sourcecode.swift; path = AppDelegate.swift; sourceTree = "<group>"; };
		3CF16D1D2A57DE3C009B3355 /* SceneDelegate.swift */ = {isa = PBXFileReference; lastKnownFileType = sourcecode.swift; path = SceneDelegate.swift; sourceTree = "<group>"; };
		3CF16D222A57DE3C009B3355 /* Base */ = {isa = PBXFileReference; lastKnownFileType = file.storyboard; name = Base; path = Base.lproj/Main.storyboard; sourceTree = "<group>"; };
		3CF16D242A57DE42009B3355 /* Assets.xcassets */ = {isa = PBXFileReference; lastKnownFileType = folder.assetcatalog; path = Assets.xcassets; sourceTree = "<group>"; };
		3CF16D272A57DE42009B3355 /* Base */ = {isa = PBXFileReference; lastKnownFileType = file.storyboard; name = Base; path = Base.lproj/LaunchScreen.storyboard; sourceTree = "<group>"; };
		3CF16D292A57DE42009B3355 /* Info.plist */ = {isa = PBXFileReference; lastKnownFileType = text.plist.xml; path = Info.plist; sourceTree = "<group>"; };
		3CF16D332A57F0C5009B3355 /* ContainerController.swift */ = {isa = PBXFileReference; lastKnownFileType = sourcecode.swift; path = ContainerController.swift; sourceTree = "<group>"; };
		3CF16D352A57F0E0009B3355 /* HomeController.swift */ = {isa = PBXFileReference; lastKnownFileType = sourcecode.swift; path = HomeController.swift; sourceTree = "<group>"; };
		3CF16D372A57F0F9009B3355 /* MenuController.swift */ = {isa = PBXFileReference; lastKnownFileType = sourcecode.swift; path = MenuController.swift; sourceTree = "<group>"; };
/* End PBXFileReference section */

/* Begin PBXFrameworksBuildPhase section */
		3CF16D152A57DE3C009B3355 /* Frameworks */ = {
			isa = PBXFrameworksBuildPhase;
			buildActionMask = 2147483647;
			files = (
			);
			runOnlyForDeploymentPostprocessing = 0;
		};
/* End PBXFrameworksBuildPhase section */

/* Begin PBXGroup section */
		3CF16D0F2A57DE3C009B3355 = {
			isa = PBXGroup;
			children = (
				3CF16D1A2A57DE3C009B3355 /* SideMenu */,
				3CF16D192A57DE3C009B3355 /* Products */,
			);
			sourceTree = "<group>";
		};
		3CF16D192A57DE3C009B3355 /* Products */ = {
			isa = PBXGroup;
			children = (
				3CF16D182A57DE3C009B3355 /* SideMenu.app */,
			);
			name = Products;
			sourceTree = "<group>";
		};
		3CF16D1A2A57DE3C009B3355 /* SideMenu */ = {
			isa = PBXGroup;
			children = (
				3CF16D322A57F045009B3355 /* Utilities */,
				3CF16D312A57F041009B3355 /* Model */,
				3CF16D302A57F03D009B3355 /* View */,
				3CF16D2F2A57F038009B3355 /* Controller */,
				3CF16D1B2A57DE3C009B3355 /* AppDelegate.swift */,
				3CF16D1D2A57DE3C009B3355 /* SceneDelegate.swift */,
				3CF16D212A57DE3C009B3355 /* Main.storyboard */,
				3CF16D242A57DE42009B3355 /* Assets.xcassets */,
				3CF16D262A57DE42009B3355 /* LaunchScreen.storyboard */,
				3CF16D292A57DE42009B3355 /* Info.plist */,
			);
			path = SideMenu;
			sourceTree = "<group>";
		};
		3CF16D2F2A57F038009B3355 /* Controller */ = {
			isa = PBXGroup;
			children = (
				3CF16D332A57F0C5009B3355 /* ContainerController.swift */,
				3CF16D352A57F0E0009B3355 /* HomeController.swift */,
				3CF16D372A57F0F9009B3355 /* MenuController.swift */,
				3CAD02772A586598003B8F6E /* LoginViewController.swift */,
			);
			path = Controller;
			sourceTree = "<group>";
		};
		3CF16D302A57F03D009B3355 /* View */ = {
			isa = PBXGroup;
			children = (
				3CAD02732A582481003B8F6E /* MenuOptionCell.swift */,
			);
			path = View;
			sourceTree = "<group>";
		};
		3CF16D312A57F041009B3355 /* Model */ = {
			isa = PBXGroup;
			children = (
				3CAD02752A582DA0003B8F6E /* MenuOptions.swift */,
			);
			path = Model;
			sourceTree = "<group>";
		};
		3CF16D322A57F045009B3355 /* Utilities */ = {
			isa = PBXGroup;
			children = (
				3CAD02702A581B32003B8F6E /* Protocols.swift */,
			);
			path = Utilities;
			sourceTree = "<group>";
		};
/* End PBXGroup section */

/* Begin PBXNativeTarget section */
		3CF16D172A57DE3C009B3355 /* SideMenu */ = {
			isa = PBXNativeTarget;
			buildConfigurationList = 3CF16D2C2A57DE42009B3355 /* Build configuration list for PBXNativeTarget "SideMenu" */;
			buildPhases = (
				3CF16D142A57DE3C009B3355 /* Sources */,
				3CF16D152A57DE3C009B3355 /* Frameworks */,
				3CF16D162A57DE3C009B3355 /* Resources */,
			);
			buildRules = (
			);
			dependencies = (
			);
			name = SideMenu;
			productName = SideMenu;
			productReference = 3CF16D182A57DE3C009B3355 /* SideMenu.app */;
			productType = "com.apple.product-type.application";
		};
/* End PBXNativeTarget section */

/* Begin PBXProject section */
		3CF16D102A57DE3C009B3355 /* Project object */ = {
			isa = PBXProject;
			attributes = {
				BuildIndependentTargetsInParallel = 1;
				LastSwiftUpdateCheck = 1420;
				LastUpgradeCheck = 1420;
				TargetAttributes = {
					3CF16D172A57DE3C009B3355 = {
						CreatedOnToolsVersion = 14.2;
					};
				};
			};
			buildConfigurationList = 3CF16D132A57DE3C009B3355 /* Build configuration list for PBXProject "SideMenu" */;
			compatibilityVersion = "Xcode 14.0";
			developmentRegion = en;
			hasScannedForEncodings = 0;
			knownRegions = (
				en,
				Base,
			);
			mainGroup = 3CF16D0F2A57DE3C009B3355;
			productRefGroup = 3CF16D192A57DE3C009B3355 /* Products */;
			projectDirPath = "";
			projectRoot = "";
			targets = (
				3CF16D172A57DE3C009B3355 /* SideMenu */,
			);
		};
/* End PBXProject section */

/* Begin PBXResourcesBuildPhase section */
		3CF16D162A57DE3C009B3355 /* Resources */ = {
			isa = PBXResourcesBuildPhase;
			buildActionMask = 2147483647;
			files = (
				3CF16D282A57DE42009B3355 /* LaunchScreen.storyboard in Resources */,
				3CF16D252A57DE42009B3355 /* Assets.xcassets in Resources */,
				3CF16D232A57DE3C009B3355 /* Main.storyboard in Resources */,
			);
			runOnlyForDeploymentPostprocessing = 0;
		};
/* End PBXResourcesBuildPhase section */

/* Begin PBXSourcesBuildPhase section */
		3CF16D142A57DE3C009B3355 /* Sources */ = {
			isa = PBXSourcesBuildPhase;
			buildActionMask = 2147483647;
			files = (
				3CAD02782A586598003B8F6E /* LoginViewController.swift in Sources */,
				3CAD02742A582481003B8F6E /* MenuOptionCell.swift in Sources */,
				3CF16D1C2A57DE3C009B3355 /* AppDelegate.swift in Sources */,
				3CF16D1E2A57DE3C009B3355 /* SceneDelegate.swift in Sources */,
				3CF16D342A57F0C5009B3355 /* ContainerController.swift in Sources */,
				3CAD02712A581B32003B8F6E /* Protocols.swift in Sources */,
				3CAD02762A582DA0003B8F6E /* MenuOptions.swift in Sources */,
				3CF16D382A57F0F9009B3355 /* MenuController.swift in Sources */,
				3CF16D362A57F0E0009B3355 /* HomeController.swift in Sources */,
			);
			runOnlyForDeploymentPostprocessing = 0;
		};
/* End PBXSourcesBuildPhase section */

/* Begin PBXVariantGroup section */
		3CF16D212A57DE3C009B3355 /* Main.storyboard */ = {
			isa = PBXVariantGroup;
			children = (
				3CF16D222A57DE3C009B3355 /* Base */,
			);
			name = Main.storyboard;
			sourceTree = "<group>";
		};
		3CF16D262A57DE42009B3355 /* LaunchScreen.storyboard */ = {
			isa = PBXVariantGroup;
			children = (
				3CF16D272A57DE42009B3355 /* Base */,
			);
			name = LaunchScreen.storyboard;
			sourceTree = "<group>";
		};
/* End PBXVariantGroup section */

/* Begin XCBuildConfiguration section */
		3CF16D2A2A57DE42009B3355 /* Debug */ = {
			isa = XCBuildConfiguration;
			buildSettings = {
				ALWAYS_SEARCH_USER_PATHS = NO;
				CLANG_ANALYZER_NONNULL = YES;
				CLANG_ANALYZER_NUMBER_OBJECT_CONVERSION = YES_AGGRESSIVE;
				CLANG_CXX_LANGUAGE_STANDARD = "gnu++20";
				CLANG_ENABLE_MODULES = YES;
				CLANG_ENABLE_OBJC_ARC = YES;
				CLANG_ENABLE_OBJC_WEAK = YES;
				CLANG_WARN_BLOCK_CAPTURE_AUTORELEASING = YES;
				CLANG_WARN_BOOL_CONVERSION = YES;
				CLANG_WARN_COMMA = YES;
				CLANG_WARN_CONSTANT_CONVERSION = YES;
				CLANG_WARN_DEPRECATED_OBJC_IMPLEMENTATIONS = YES;
				CLANG_WARN_DIRECT_OBJC_ISA_USAGE = YES_ERROR;
				CLANG_WARN_DOCUMENTATION_COMMENTS = YES;
				CLANG_WARN_EMPTY_BODY = YES;
				CLANG_WARN_ENUM_CONVERSION = YES;
				CLANG_WARN_INFINITE_RECURSION = YES;
				CLANG_WARN_INT_CONVERSION = YES;
				CLANG_WARN_NON_LITERAL_NULL_CONVERSION = YES;
				CLANG_WARN_OBJC_IMPLICIT_RETAIN_SELF = YES;
				CLANG_WARN_OBJC_LITERAL_CONVERSION = YES;
				CLANG_WARN_OBJC_ROOT_CLASS = YES_ERROR;
				CLANG_WARN_QUOTED_INCLUDE_IN_FRAMEWORK_HEADER = YES;
				CLANG_WARN_RANGE_LOOP_ANALYSIS = YES;
				CLANG_WARN_STRICT_PROTOTYPES = YES;
				CLANG_WARN_SUSPICIOUS_MOVE = YES;
				CLANG_WARN_UNGUARDED_AVAILABILITY = YES_AGGRESSIVE;
				CLANG_WARN_UNREACHABLE_CODE = YES;
				CLANG_WARN__DUPLICATE_METHOD_MATCH = YES;
				COPY_PHASE_STRIP = NO;
				DEBUG_INFORMATION_FORMAT = dwarf;
				ENABLE_STRICT_OBJC_MSGSEND = YES;
				ENABLE_TESTABILITY = YES;
				GCC_C_LANGUAGE_STANDARD = gnu11;
				GCC_DYNAMIC_NO_PIC = NO;
				GCC_NO_COMMON_BLOCKS = YES;
				GCC_OPTIMIZATION_LEVEL = 0;
				GCC_PREPROCESSOR_DEFINITIONS = (
					"DEBUG=1",
					"$(inherited)",
				);
				GCC_WARN_64_TO_32_BIT_CONVERSION = YES;
				GCC_WARN_ABOUT_RETURN_TYPE = YES_ERROR;
				GCC_WARN_UNDECLARED_SELECTOR = YES;
				GCC_WARN_UNINITIALIZED_AUTOS = YES_AGGRESSIVE;
				GCC_WARN_UNUSED_FUNCTION = YES;
				GCC_WARN_UNUSED_VARIABLE = YES;
				IPHONEOS_DEPLOYMENT_TARGET = 16.2;
				MTL_ENABLE_DEBUG_INFO = INCLUDE_SOURCE;
				MTL_FAST_MATH = YES;
				ONLY_ACTIVE_ARCH = YES;
				SDKROOT = iphoneos;
				SWIFT_ACTIVE_COMPILATION_CONDITIONS = DEBUG;
				SWIFT_OPTIMIZATION_LEVEL = "-Onone";
			};
			name = Debug;
		};
		3CF16D2B2A57DE42009B3355 /* Release */ = {
			isa = XCBuildConfiguration;
			buildSettings = {
				ALWAYS_SEARCH_USER_PATHS = NO;
				CLANG_ANALYZER_NONNULL = YES;
				CLANG_ANALYZER_NUMBER_OBJECT_CONVERSION = YES_AGGRESSIVE;
				CLANG_CXX_LANGUAGE_STANDARD = "gnu++20";
				CLANG_ENABLE_MODULES = YES;
				CLANG_ENABLE_OBJC_ARC = YES;
				CLANG_ENABLE_OBJC_WEAK = YES;
				CLANG_WARN_BLOCK_CAPTURE_AUTORELEASING = YES;
				CLANG_WARN_BOOL_CONVERSION = YES;
				CLANG_WARN_COMMA = YES;
				CLANG_WARN_CONSTANT_CONVERSION = YES;
				CLANG_WARN_DEPRECATED_OBJC_IMPLEMENTATIONS = YES;
				CLANG_WARN_DIRECT_OBJC_ISA_USAGE = YES_ERROR;
				CLANG_WARN_DOCUMENTATION_COMMENTS = YES;
				CLANG_WARN_EMPTY_BODY = YES;
				CLANG_WARN_ENUM_CONVERSION = YES;
				CLANG_WARN_INFINITE_RECURSION = YES;
				CLANG_WARN_INT_CONVERSION = YES;
				CLANG_WARN_NON_LITERAL_NULL_CONVERSION = YES;
				CLANG_WARN_OBJC_IMPLICIT_RETAIN_SELF = YES;
				CLANG_WARN_OBJC_LITERAL_CONVERSION = YES;
				CLANG_WARN_OBJC_ROOT_CLASS = YES_ERROR;
				CLANG_WARN_QUOTED_INCLUDE_IN_FRAMEWORK_HEADER = YES;
				CLANG_WARN_RANGE_LOOP_ANALYSIS = YES;
				CLANG_WARN_STRICT_PROTOTYPES = YES;
				CLANG_WARN_SUSPICIOUS_MOVE = YES;
				CLANG_WARN_UNGUARDED_AVAILABILITY = YES_AGGRESSIVE;
				CLANG_WARN_UNREACHABLE_CODE = YES;
				CLANG_WARN__DUPLICATE_METHOD_MATCH = YES;
				COPY_PHASE_STRIP = NO;
				DEBUG_INFORMATION_FORMAT = "dwarf-with-dsym";
				ENABLE_NS_ASSERTIONS = NO;
				ENABLE_STRICT_OBJC_MSGSEND = YES;
				GCC_C_LANGUAGE_STANDARD = gnu11;
				GCC_NO_COMMON_BLOCKS = YES;
				GCC_WARN_64_TO_32_BIT_CONVERSION = YES;
				GCC_WARN_ABOUT_RETURN_TYPE = YES_ERROR;
				GCC_WARN_UNDECLARED_SELECTOR = YES;
				GCC_WARN_UNINITIALIZED_AUTOS = YES_AGGRESSIVE;
				GCC_WARN_UNUSED_FUNCTION = YES;
				GCC_WARN_UNUSED_VARIABLE = YES;
				IPHONEOS_DEPLOYMENT_TARGET = 16.2;
				MTL_ENABLE_DEBUG_INFO = NO;
				MTL_FAST_MATH = YES;
				SDKROOT = iphoneos;
				SWIFT_COMPILATION_MODE = wholemodule;
				SWIFT_OPTIMIZATION_LEVEL = "-O";
				VALIDATE_PRODUCT = YES;
			};
			name = Release;
		};
		3CF16D2D2A57DE42009B3355 /* Debug */ = {
			isa = XCBuildConfiguration;
			buildSettings = {
				ASSETCATALOG_COMPILER_APPICON_NAME = AppIcon;
				ASSETCATALOG_COMPILER_GLOBAL_ACCENT_COLOR_NAME = AccentColor;
				CODE_SIGN_STYLE = Automatic;
				CURRENT_PROJECT_VERSION = 1;
				DEVELOPMENT_TEAM = 852Q9CTGXB;
				GENERATE_INFOPLIST_FILE = YES;
				INFOPLIST_FILE = SideMenu/Info.plist;
				INFOPLIST_KEY_UIApplicationSupportsIndirectInputEvents = YES;
				INFOPLIST_KEY_UILaunchStoryboardName = LaunchScreen;
				INFOPLIST_KEY_UIMainStoryboardFile = Main;
				INFOPLIST_KEY_UISupportedInterfaceOrientations_iPad = "UIInterfaceOrientationPortrait UIInterfaceOrientationPortraitUpsideDown UIInterfaceOrientationLandscapeLeft UIInterfaceOrientationLandscapeRight";
				INFOPLIST_KEY_UISupportedInterfaceOrientations_iPhone = "UIInterfaceOrientationPortrait UIInterfaceOrientationLandscapeLeft UIInterfaceOrientationLandscapeRight";
				LD_RUNPATH_SEARCH_PATHS = (
					"$(inherited)",
					"@executable_path/Frameworks",
				);
				MARKETING_VERSION = 1.0;
				PRODUCT_BUNDLE_IDENTIFIER = com.akshay.SideMenu;
				PRODUCT_NAME = "$(TARGET_NAME)";
				SWIFT_EMIT_LOC_STRINGS = YES;
				SWIFT_VERSION = 5.0;
				TARGETED_DEVICE_FAMILY = "1,2";
			};
			name = Debug;
		};
		3CF16D2E2A57DE42009B3355 /* Release */ = {
			isa = XCBuildConfiguration;
			buildSettings = {
				ASSETCATALOG_COMPILER_APPICON_NAME = AppIcon;
				ASSETCATALOG_COMPILER_GLOBAL_ACCENT_COLOR_NAME = AccentColor;
				CODE_SIGN_STYLE = Automatic;
				CURRENT_PROJECT_VERSION = 1;
				DEVELOPMENT_TEAM = 852Q9CTGXB;
				GENERATE_INFOPLIST_FILE = YES;
				INFOPLIST_FILE = SideMenu/Info.plist;
				INFOPLIST_KEY_UIApplicationSupportsIndirectInputEvents = YES;
				INFOPLIST_KEY_UILaunchStoryboardName = LaunchScreen;
				INFOPLIST_KEY_UIMainStoryboardFile = Main;
				INFOPLIST_KEY_UISupportedInterfaceOrientations_iPad = "UIInterfaceOrientationPortrait UIInterfaceOrientationPortraitUpsideDown UIInterfaceOrientationLandscapeLeft UIInterfaceOrientationLandscapeRight";
				INFOPLIST_KEY_UISupportedInterfaceOrientations_iPhone = "UIInterfaceOrientationPortrait UIInterfaceOrientationLandscapeLeft UIInterfaceOrientationLandscapeRight";
				LD_RUNPATH_SEARCH_PATHS = (
					"$(inherited)",
					"@executable_path/Frameworks",
				);
				MARKETING_VERSION = 1.0;
				PRODUCT_BUNDLE_IDENTIFIER = com.akshay.SideMenu;
				PRODUCT_NAME = "$(TARGET_NAME)";
				SWIFT_EMIT_LOC_STRINGS = YES;
				SWIFT_VERSION = 5.0;
				TARGETED_DEVICE_FAMILY = "1,2";
			};
			name = Release;
		};
/* End XCBuildConfiguration section */

/* Begin XCConfigurationList section */
		3CF16D132A57DE3C009B3355 /* Build configuration list for PBXProject "SideMenu" */ = {
			isa = XCConfigurationList;
			buildConfigurations = (
				3CF16D2A2A57DE42009B3355 /* Debug */,
				3CF16D2B2A57DE42009B3355 /* Release */,
			);
			defaultConfigurationIsVisible = 0;
			defaultConfigurationName = Release;
		};
		3CF16D2C2A57DE42009B3355 /* Build configuration list for PBXNativeTarget "SideMenu" */ = {
			isa = XCConfigurationList;
			buildConfigurations = (
				3CF16D2D2A57DE42009B3355 /* Debug */,
				3CF16D2E2A57DE42009B3355 /* Release */,
			);
			defaultConfigurationIsVisible = 0;
			defaultConfigurationName = Release;
		};
/* End XCConfigurationList section */
	};
	rootObject = 3CF16D102A57DE3C009B3355 /* Project object */;
}
